# THIS IS AN AUTOGENERATED FILE. DO NOT EDIT THIS FILE DIRECTLY.
# yarn lockfile v1


"@mapbox/geo-viewport@0.4.0":
  version "0.4.0"
  resolved "https://registry.yarnpkg.com/@mapbox/geo-viewport/-/geo-viewport-0.4.0.tgz#0a8dc5812d3be12c778d6545b2f3f4dec9c633da"
  integrity sha512-5OAXoP8C96Co3UDIzFliSzrK5njb9oG2H/RTMaZUW1swxIZlj3n3A5ccep5XAEIhTWxBLg/Cz48D3rUbAdXwHQ==
  dependencies:
    "@mapbox/sphericalmercator" "~1.1.0"

"@mapbox/sphericalmercator@~1.1.0":
  version "1.1.0"
  resolved "https://registry.yarnpkg.com/@mapbox/sphericalmercator/-/sphericalmercator-1.1.0.tgz#f3b1af042620716a1289fc41e1e97f610823aefe"
  integrity sha512-pEsfZyG4OMThlfFQbCte4gegvHUjxXCjz0KZ4Xk8NdOYTQBLflj6U8PL05RPAiuRAMAQNUUKJuL6qYZ5Y4kAWA==

kdbush@^2.0.1:
  version "2.0.1"
  resolved "https://registry.yarnpkg.com/kdbush/-/kdbush-2.0.1.tgz#90c6128e3001ac68c550d7c9e2f222c0269666f1"
  integrity sha512-9KqSdmWCkBIisFIGclT0FRagKhI7IVbMyUjsxCFG0Ly1Dg6whlxJ7b9lrq8ifk3X/fGeJzok1R75LQfZTfA5zQ==

react-native-maps-super-cluster@^1.5.0:
  version "1.5.0"
  resolved "https://registry.yarnpkg.com/react-native-maps-super-cluster/-/react-native-maps-super-cluster-1.5.0.tgz#6f0f4c408c2d8cad8be1bbb9b39befe4fb2f6eba"
  integrity sha512-yCwk1y+3u31WQ7BpkKuvTA1gCAf474o+qtE5MdGYrWNsPk2otcB4+pRtaOXTjmroXBQ14EVWqpXpHAnXVZC7Dg==
  dependencies:
    "@mapbox/geo-viewport" "0.4.0"
    supercluster "4.1.1"

supercluster@4.1.1:
  version "4.1.1"
  resolved "https://registry.yarnpkg.com/supercluster/-/supercluster-4.1.1.tgz#cf13c3b28a3fb3db5290bfad7f524e244bd4ce78"
  integrity sha512-sF0FfUOPFp96DKzwWFLeQOEqqKu2PpcesxAFeFsknA/q7g7igVVn/p3NI2XHEghNSyDAqunKNKqAbqNO8+7NDQ==
  dependencies:
    kdbush "^2.0.1"
